# THIS IS AN AUTOGENERATED FILE. DO NOT EDIT THIS FILE DIRECTLY.
# yarn lockfile v1


"@vue/composition-api@^1.6.2":
  version "1.6.2"
  resolved "https://registry.yarnpkg.com/@vue/composition-api/-/composition-api-1.6.2.tgz#8e65cf60cd919f23649951ed14a67d43cd32131d"
  integrity sha512-g6pCOaAB5Z987EwCBIDanRlramrgnWfrrYS8F/0axn2AL8EvyfAebDcLTSr48hac0G0rqC9ODp5LWaiupzl6Tw==

vue-demi@^0.12.5:
  version "0.12.5"
  resolved "https://registry.yarnpkg.com/vue-demi/-/vue-demi-0.12.5.tgz#8eeed566a7d86eb090209a11723f887d28aeb2d1"
  integrity sha512-BREuTgTYlUr0zw0EZn3hnhC3I6gPWv+Kwh4MCih6QcAeaTlaIX0DwOVN0wHej7hSvDPecz4jygy/idsgKfW58Q==

vue@2:
  version "2.6.14"
  resolved "https://registry.yarnpkg.com/vue/-/vue-2.6.14.tgz#e51aa5250250d569a3fbad3a8a5a687d6036e235"
  integrity sha512-x2284lgYvjOMj3Za7kqzRcUSxBboHqtgRE2zlos1qWaOye5yUmHn42LB1250NJBLRwEcdrB0JRwyPTEPhfQjiQ==
